PODS:
  - Flutter (1.0.0)
  - home_widget (0.0.1):
    - Flutter

DEPENDENCIES:
  - Flutter (from `Flutter`)
  - home_widget (from `.symlinks/plugins/home_widget/ios`)

EXTERNAL SOURCES:
  Flutter:
    :path: Flutter
  home_widget:
    :path: ".symlinks/plugins/home_widget/ios"

SPEC CHECKSUMS:
  Flutter: cabc95a1d2626b1b06e7179b784ebcf0c0cde467
  home_widget: f169fc41fd807b4d46ab6615dc44d62adbf9f64f

PODFILE CHECKSUM: 6132e4f2a59572308f3710f593ad63decab6fea0

COCOAPODS: 1.16.2
